
Microsoft Visual Studio Solution File, Format Version 12.00
# Visual Studio 14
VisualStudioVersion = 14.0.25420.1
MinimumVisualStudioVersion = 10.0.40219.1
Project("{2150E333-8FDC-42A3-9474-1A3956D46DE8}") = "UI", "UI", "{19A18676-490C-44D8-AF52-90F2D8A21131}"
EndProject
Project("{2150E333-8FDC-42A3-9474-1A3956D46DE8}") = "IBLL", "IBLL", "{BE9F5CE9-B6BB-4235-BB61-1DC115698B17}"
EndProject
Project("{2150E333-8FDC-42A3-9474-1A3956D46DE8}") = "BLL", "BLL", "{C848EE48-008E-4B66-90FA-A65548B729F2}"
EndProject
Project("{2150E333-8FDC-42A3-9474-1A3956D46DE8}") = "IDAL", "IDAL", "{41D229B8-87D5-44AC-8DE1-2F5E0A1B3726}"
EndProject
Project("{2150E333-8FDC-42A3-9474-1A3956D46DE8}") = "DAL", "DAL", "{898CA836-A3C6-4BEA-AEC0-BAA0EB27A59E}"
EndProject
Project("{2150E333-8FDC-42A3-9474-1A3956D46DE8}") = "Model", "Model", "{2E95FBD9-1298-4971-ABD3-E9FF3E988356}"
EndProject
Project("{FAE04EC0-301F-11D3-BF4B-00C04F79EFBC}") = "Shop.Service", "Shop.Service\Shop.Service.csproj", "{479FDAE6-935B-47F1-9B76-699FE4978E68}"
EndProject
Project("{FAE04EC0-301F-11D3-BF4B-00C04F79EFBC}") = "Shop.Repository", "Shop.Repository\Shop.Repository.csproj", "{6DD0F654-817B-4A8A-901A-54F7713CCDDA}"
EndProject
Project("{FAE04EC0-301F-11D3-BF4B-00C04F79EFBC}") = "Shop.IService", "Shop.IService\Shop.IService.csproj", "{6089269E-2CDD-4A38-BED3-93FDAC9B13B4}"
EndProject
Project("{FAE04EC0-301F-11D3-BF4B-00C04F79EFBC}") = "Shop.IRepository", "Shop.IRepository\Shop.IRepository.csproj", "{95813163-FC41-4C35-BB16-461BA557CD51}"
EndProject
Project("{FAE04EC0-301F-11D3-BF4B-00C04F79EFBC}") = "Shop.Model", "Shop.Model\Shop.Model.csproj", "{F74ADBB9-AE8B-4E6D-B5C1-4C61BF45723D}"
EndProject
Project("{FAE04EC0-301F-11D3-BF4B-00C04F79EFBC}") = "PetShop", "PetShop\PetShop.csproj", "{EAB11823-E139-485C-856B-3755AEB3CEE8}"
EndProject
Global
	GlobalSection(SolutionConfigurationPlatforms) = preSolution
		Debug|Any CPU = Debug|Any CPU
		Release|Any CPU = Release|Any CPU
	EndGlobalSection
	GlobalSection(ProjectConfigurationPlatforms) = postSolution
		{479FDAE6-935B-47F1-9B76-699FE4978E68}.Debug|Any CPU.ActiveCfg = Debug|Any CPU
		{479FDAE6-935B-47F1-9B76-699FE4978E68}.Debug|Any CPU.Build.0 = Debug|Any CPU
		{479FDAE6-935B-47F1-9B76-699FE4978E68}.Release|Any CPU.ActiveCfg = Release|Any CPU
		{479FDAE6-935B-47F1-9B76-699FE4978E68}.Release|Any CPU.Build.0 = Release|Any CPU
		{6DD0F654-817B-4A8A-901A-54F7713CCDDA}.Debug|Any CPU.ActiveCfg = Debug|Any CPU
		{6DD0F654-817B-4A8A-901A-54F7713CCDDA}.Debug|Any CPU.Build.0 = Debug|Any CPU
		{6DD0F654-817B-4A8A-901A-54F7713CCDDA}.Release|Any CPU.ActiveCfg = Release|Any CPU
		{6DD0F654-817B-4A8A-901A-54F7713CCDDA}.Release|Any CPU.Build.0 = Release|Any CPU
		{6089269E-2CDD-4A38-BED3-93FDAC9B13B4}.Debug|Any CPU.ActiveCfg = Debug|Any CPU
		{6089269E-2CDD-4A38-BED3-93FDAC9B13B4}.Debug|Any CPU.Build.0 = Debug|Any CPU
		{6089269E-2CDD-4A38-BED3-93FDAC9B13B4}.Release|Any CPU.ActiveCfg = Release|Any CPU
		{6089269E-2CDD-4A38-BED3-93FDAC9B13B4}.Release|Any CPU.Build.0 = Release|Any CPU
		{95813163-FC41-4C35-BB16-461BA557CD51}.Debug|Any CPU.ActiveCfg = Debug|Any CPU
		{95813163-FC41-4C35-BB16-461BA557CD51}.Debug|Any CPU.Build.0 = Debug|Any CPU
		{95813163-FC41-4C35-BB16-461BA557CD51}.Release|Any CPU.ActiveCfg = Release|Any CPU
		{95813163-FC41-4C35-BB16-461BA557CD51}.Release|Any CPU.Build.0 = Release|Any CPU
		{F74ADBB9-AE8B-4E6D-B5C1-4C61BF45723D}.Debug|Any CPU.ActiveCfg = Debug|Any CPU
		{F74ADBB9-AE8B-4E6D-B5C1-4C61BF45723D}.Debug|Any CPU.Build.0 = Debug|Any CPU
		{F74ADBB9-AE8B-4E6D-B5C1-4C61BF45723D}.Release|Any CPU.ActiveCfg = Release|Any CPU
		{F74ADBB9-AE8B-4E6D-B5C1-4C61BF45723D}.Release|Any CPU.Build.0 = Release|Any CPU
		{EAB11823-E139-485C-856B-3755AEB3CEE8}.Debug|Any CPU.ActiveCfg = Debug|Any CPU
		{EAB11823-E139-485C-856B-3755AEB3CEE8}.Debug|Any CPU.Build.0 = Debug|Any CPU
		{EAB11823-E139-485C-856B-3755AEB3CEE8}.Release|Any CPU.ActiveCfg = Release|Any CPU
		{EAB11823-E139-485C-856B-3755AEB3CEE8}.Release|Any CPU.Build.0 = Release|Any CPU
	EndGlobalSection
	GlobalSection(SolutionProperties) = preSolution
		HideSolutionNode = FALSE
	EndGlobalSection
	GlobalSection(NestedProjects) = preSolution
		{479FDAE6-935B-47F1-9B76-699FE4978E68} = {C848EE48-008E-4B66-90FA-A65548B729F2}
		{6DD0F654-817B-4A8A-901A-54F7713CCDDA} = {898CA836-A3C6-4BEA-AEC0-BAA0EB27A59E}
		{6089269E-2CDD-4A38-BED3-93FDAC9B13B4} = {BE9F5CE9-B6BB-4235-BB61-1DC115698B17}
		{95813163-FC41-4C35-BB16-461BA557CD51} = {41D229B8-87D5-44AC-8DE1-2F5E0A1B3726}
		{F74ADBB9-AE8B-4E6D-B5C1-4C61BF45723D} = {2E95FBD9-1298-4971-ABD3-E9FF3E988356}
		{EAB11823-E139-485C-856B-3755AEB3CEE8} = {19A18676-490C-44D8-AF52-90F2D8A21131}
	EndGlobalSection
EndGlobal
